# THIS IS AN AUTOGENERATED FILE. DO NOT EDIT THIS FILE DIRECTLY.
# yarn lockfile v1


ansi-styles@^3.2.1:
  version "3.2.1"
  resolved "https://registry.yarnpkg.com/ansi-styles/-/ansi-styles-3.2.1.tgz#41fbb20243e50b12be0f04b8dedbf07520ce841d"
  dependencies:
    color-convert "^1.9.0"

chalk@^2.4.1:
  version "2.4.1"
  resolved "https://registry.yarnpkg.com/chalk/-/chalk-2.4.1.tgz#18c49ab16a037b6eb0152cc83e3471338215b66e"
  dependencies:
    ansi-styles "^3.2.1"
    escape-string-regexp "^1.0.5"
    supports-color "^5.3.0"

color-convert@^1.9.0:
  version "1.9.1"
  resolved "https://registry.yarnpkg.com/color-convert/-/color-convert-1.9.1.tgz#c1261107aeb2f294ebffec9ed9ecad529a6097ed"
  dependencies:
    color-name "^1.1.1"

color-name@^1.1.1:
  version "1.1.3"
  resolved "https://registry.yarnpkg.com/color-name/-/color-name-1.1.3.tgz#a7d0558bd89c42f795dd42328f740831ca53bc25"

edit-json-file@^1.0.8:
  version "1.0.8"
  resolved "https://registry.yarnpkg.com/edit-json-file/-/edit-json-file-1.0.8.tgz#9efd18c06a2340a0d384ff7a1fedd0ac3b1007d2"
  dependencies:
    find-value "^1.0.3"
    iterate-object "^1.3.2"
    r-json "^1.2.5"
    set-value "^0.4.0"
    w-json "^1.3.5"

escape-string-regexp@^1.0.5:
  version "1.0.5"
  resolved "https://registry.yarnpkg.com/escape-string-regexp/-/escape-string-regexp-1.0.5.tgz#1b61c0562190a8dff6ae3bb2cf0200ca130b86d4"

extend-shallow@^2.0.1:
  version "2.0.1"
  resolved "https://registry.yarnpkg.com/extend-shallow/-/extend-shallow-2.0.1.tgz#51af7d614ad9a9f610ea1bafbb989d6b1c56890f"
  dependencies:
    is-extendable "^0.1.0"

find-value@^1.0.3:
  version "1.0.10"
  resolved "https://registry.yarnpkg.com/find-value/-/find-value-1.0.10.tgz#c30538264d21f709f5b1913750acf1f4c8b6b399"

has-flag@^3.0.0:
  version "3.0.0"
  resolved "https://registry.yarnpkg.com/has-flag/-/has-flag-3.0.0.tgz#b5d454dc2199ae225699f3467e5a07f3b955bafd"

is-buffer@^1.1.5:
  version "1.1.6"
  resolved "https://registry.yarnpkg.com/is-buffer/-/is-buffer-1.1.6.tgz#efaa2ea9daa0d7ab2ea13a97b2b8ad51fefbe8be"

is-extendable@^0.1.0, is-extendable@^0.1.1:
  version "0.1.1"
  resolved "https://registry.yarnpkg.com/is-extendable/-/is-extendable-0.1.1.tgz#62b110e289a471418e3ec36a617d472e301dfc89"

is-plain-object@^2.0.1:
  version "2.0.4"
  resolved "https://registry.yarnpkg.com/is-plain-object/-/is-plain-object-2.0.4.tgz#2c163b3fafb1b606d9d17928f05c2a1c38e07677"
  dependencies:
    isobject "^3.0.1"

isobject@^3.0.1:
  version "3.0.1"
  resolved "https://registry.yarnpkg.com/isobject/-/isobject-3.0.1.tgz#4e431e92b11a9731636aa1f9c8d1ccbcfdab78df"

iterate-object@^1.3.2:
  version "1.3.2"
  resolved "https://registry.yarnpkg.com/iterate-object/-/iterate-object-1.3.2.tgz#24ec15affa5d0039e8839695a21c2cae1f45b66b"

kind-of@^3.0.2:
  version "3.2.2"
  resolved "https://registry.yarnpkg.com/kind-of/-/kind-of-3.2.2.tgz#31ea21a734bab9bbb0f32466d893aea51e4a3c64"
  dependencies:
    is-buffer "^1.1.5"

minimist@^1.2.0:
  version "1.2.0"
  resolved "https://registry.yarnpkg.com/minimist/-/minimist-1.2.0.tgz#a35008b20f41383eec1fb914f4cd5df79a264284"

r-json@^1.2.5:
  version "1.2.8"
  resolved "https://registry.yarnpkg.com/r-json/-/r-json-1.2.8.tgz#7440560cc1edf00b9d8d94fa30bcad7dde94eae2"

set-value@^0.4.0:
  version "0.4.3"
  resolved "https://registry.yarnpkg.com/set-value/-/set-value-0.4.3.tgz#7db08f9d3d22dc7f78e53af3c3bf4666ecdfccf1"
  dependencies:
    extend-shallow "^2.0.1"
    is-extendable "^0.1.1"
    is-plain-object "^2.0.1"
    to-object-path "^0.3.0"

supports-color@^5.3.0:
  version "5.4.0"
  resolved "https://registry.yarnpkg.com/supports-color/-/supports-color-5.4.0.tgz#1c6b337402c2137605efe19f10fec390f6faab54"
  dependencies:
    has-flag "^3.0.0"

to-object-path@^0.3.0:
  version "0.3.0"
  resolved "https://registry.yarnpkg.com/to-object-path/-/to-object-path-0.3.0.tgz#297588b7b0e7e0ac08e04e672f85c1f4999e17af"
  dependencies:
    kind-of "^3.0.2"

w-json@^1.3.5:
  version "1.3.8"
  resolved "https://registry.yarnpkg.com/w-json/-/w-json-1.3.8.tgz#354363264001ee778e5b0404fb10b4c7f1c64b41"
